// !$*UTF8*$!
{
	archiveVersion = 1;
	classes = {
	};
	objectVersion = 46;
	objects = {

/* Begin PBXBuildFile section */
		0207DA581B56EA530066E2B4 /* Images.xcassets in Resources */ = {isa = PBXBuildFile; fileRef = 0207DA571B56EA530066E2B4 /* Images.xcassets */; };
		071E4E3768514321BF7A4B36 /* CoreLocation.framework in Frameworks */ = {isa = PBXBuildFile; fileRef = 1E9BA982D44E42A2BE760DEC /* CoreLocation.framework */; settings = {ATTRIBUTES = (Weak, ); }; };
		11F7C601147941A698457A9E /* Foundation.framework in Frameworks */ = {isa = PBXBuildFile; fileRef = 111CD95DCDCD413F9713A67D /* Foundation.framework */; };
		12D2883A1FD64312B9E86614 /* sqlite3.c in Sources */ = {isa = PBXBuildFile; fileRef = 4DC75DE1F72544F3ABD96444 /* sqlite3.c */; settings = {COMPILER_FLAGS = "-DSQLITE_THREADSAFE=1 -DSQLITE_DEFAULT_MEMSTATUS=0 -DSQLITE_OMIT_DECLTYPE -DSQLITE_OMIT_DEPRECATED -DSQLITE_OMIT_PROGRESS_CALLBACK -DSQLITE_OMIT_SHARED_CACHE -DSQLITE_TEMP_STORE=2 -DSQLITE_OMIT_LOAD_EXTENSION -DSQLITE_ENABLE_FTS3 -DSQLITE_ENABLE_FTS3_PARENTHESIS -DSQLITE_ENABLE_FTS4 -DSQLITE_ENABLE_RTREE -DSQLITE_DEFAULT_PAGE_SIZE=1024 -DSQLITE_DEFAULT_CACHE_SIZE=2000"; }; };
		1D3623260D0F684500981E51 /* AppDelegate.m in Sources */ = {isa = PBXBuildFile; fileRef = 1D3623250D0F684500981E51 /* AppDelegate.m */; };
		1D60589B0D05DD56006BFB54 /* main.m in Sources */ = {isa = PBXBuildFile; fileRef = 29B97316FDCFA39411CA2CEA /* main.m */; };
		2655FE9E2AFB4CFF869A7B0F /* PayPalMobileCordovaPlugin.m in Sources */ = {isa = PBXBuildFile; fileRef = 4D9CE7D2823F416CA9887B45 /* PayPalMobileCordovaPlugin.m */; };
		2B705F9735804CF3A06EF586 /* CDVViewController+SplashScreen.m in Sources */ = {isa = PBXBuildFile; fileRef = 46D6887BDA874A23AF50B3C8 /* CDVViewController+SplashScreen.m */; };
		301BF552109A68D80062928A /* libCordova.a in Frameworks */ = {isa = PBXBuildFile; fileRef = 301BF535109A57CC0062928A /* libCordova.a */; };
		302D95F114D2391D003F00A1 /* MainViewController.m in Sources */ = {isa = PBXBuildFile; fileRef = 302D95EF14D2391D003F00A1 /* MainViewController.m */; };
		302D95F214D2391D003F00A1 /* MainViewController.xib in Resources */ = {isa = PBXBuildFile; fileRef = 302D95F014D2391D003F00A1 /* MainViewController.xib */; };
		3D3D588C9480450784C8B792 /* AudioToolbox.framework in Frameworks */ = {isa = PBXBuildFile; fileRef = D66EF50EF10A4B99A5432E5A /* AudioToolbox.framework */; };
		40703708204430AD002F98D4 /* GameKit.framework in Frameworks */ = {isa = PBXBuildFile; fileRef = 40703707204430AD002F98D4 /* GameKit.framework */; };
		4070370A204430F6002F98D4 /* StoreKit.framework in Frameworks */ = {isa = PBXBuildFile; fileRef = 40703709204430F6002F98D4 /* StoreKit.framework */; };
		41AFC338FB7E401FAFDBDBDA /* SafariServices.framework in Frameworks */ = {isa = PBXBuildFile; fileRef = F2ABA8F14FD34982B168F694 /* SafariServices.framework */; };
		42B92D072A8E4A829BAFB23F /* CoreVideo.framework in Frameworks */ = {isa = PBXBuildFile; fileRef = C9A341C8B69040FAB47B44AD /* CoreVideo.framework */; };
		449C5D1C88D440F7BCF8463E /* CardIOCordovaPlugin.m in Sources */ = {isa = PBXBuildFile; fileRef = 17E89AC205064C9BAB8DE3A1 /* CardIOCordovaPlugin.m */; };
		4919A817064B47948EA6FB9D /* BPCI Tracker.entitlements in Resources */ = {isa = PBXBuildFile; fileRef = 487C65F7512C41FD821A48C8 /* BPCI Tracker.entitlements */; };
		52A80B99E84143EE8392C11A /* MessageUI.framework in Frameworks */ = {isa = PBXBuildFile; fileRef = 05423F361A6F470FA4CBD1AA /* MessageUI.framework */; };
		54021A047EBD421BAA57E9AF /* AppDelegate+IonicDeeplink.m in Sources */ = {isa = PBXBuildFile; fileRef = 019E607F2BDE49D795454886 /* AppDelegate+IonicDeeplink.m */; };
		55DD84504D0C4D8EA05FA39A /* CoreMedia.framework in Frameworks */ = {isa = PBXBuildFile; fileRef = 5FC623C8049946EE88579253 /* CoreMedia.framework */; };
		571BCB499E944B18BD765024 /* libPayPalMobile.a in Frameworks */ = {isa = PBXBuildFile; fileRef = D2FA7F8AF4994C6588BC3689 /* libPayPalMobile.a */; };
		6546D03D0C904CD09115F4E1 /* Accelerate.framework in Frameworks */ = {isa = PBXBuildFile; fileRef = 719806549C714F2AA730DA4A /* Accelerate.framework */; };
		684326D094CE4FF5AC1A0196 /* libCardIO.a in Frameworks */ = {isa = PBXBuildFile; fileRef = 2E3D4E777F74436FA8FF1E32 /* libCardIO.a */; };
		692511C1B05C4FC5953130CA /* Security.framework in Frameworks */ = {isa = PBXBuildFile; fileRef = E20BF160F13340FD80F1A79B /* Security.framework */; };
		6AFF5BF91D6E424B00AB3073 /* CDVLaunchScreen.storyboard in Resources */ = {isa = PBXBuildFile; fileRef = 6AFF5BF81D6E424B00AB3073 /* CDVLaunchScreen.storyboard */; };
		6EDF00B87FBC4C4294698F3C /* libopencv_core.a in Frameworks */ = {isa = PBXBuildFile; fileRef = BBFA6C8BC12B44A1ADF34759 /* libopencv_core.a */; };
		7768AA30E2CE4B41871DF0EC /* IonicKeyboard.m in Sources */ = {isa = PBXBuildFile; fileRef = 90D8D8E12C184A25ACD139A9 /* IonicKeyboard.m */; };
		7F8D6D3ECB9E405397BF0EDF /* SQLitePlugin.m in Sources */ = {isa = PBXBuildFile; fileRef = D202777FB8D0432E98EE3021 /* SQLitePlugin.m */; };
		8F06273D901C4C02A6DB441F /* CDVUniqueDeviceID.m in Sources */ = {isa = PBXBuildFile; fileRef = 01A93C1183094DE8BE5F10EA /* CDVUniqueDeviceID.m */; };
		92A9AA6B565040F899F9A5D7 /* CDVStatusBar.m in Sources */ = {isa = PBXBuildFile; fileRef = A3B6872078CC4AFDAA1B93B9 /* CDVStatusBar.m */; };
		93E1B2E45E594C65AF4F8496 /* SystemConfiguration.framework in Frameworks */ = {isa = PBXBuildFile; fileRef = B79B680BD807456482AD95E7 /* SystemConfiguration.framework */; };
		952C1317531C463AA3B27F16 /* CDVSplashScreen.m in Sources */ = {isa = PBXBuildFile; fileRef = 50DE693890114F1C98F2725A /* CDVSplashScreen.m */; };
		9804B234DA1C45068D3B745E /* UICKeyChainStore.m in Sources */ = {isa = PBXBuildFile; fileRef = FB60CA15888646CDB4853D50 /* UICKeyChainStore.m */; };
		BC4BE1C6D8DF4D5491FE6FFD /* UIKit.framework in Frameworks */ = {isa = PBXBuildFile; fileRef = 8F06560882934A50B59A07E2 /* UIKit.framework */; };
		BD1F59020F4A45E196480C3C /* AVFoundation.framework in Frameworks */ = {isa = PBXBuildFile; fileRef = 9B87DD5589DB44D6AE077D8C /* AVFoundation.framework */; };
		C1E1613A02024AE49445CF12 /* libopencv_imgproc.a in Frameworks */ = {isa = PBXBuildFile; fileRef = 5F9E264A1F284E4AB3EA190F /* libopencv_imgproc.a */; };
		C4DE4E83B9E94FDFBC39D54F /* CFNetwork.framework in Frameworks */ = {isa = PBXBuildFile; fileRef = A0F5E4EC8FD946919CB9135A /* CFNetwork.framework */; };
		C51E925D8FD540F7A4E865AF /* libPayPalMobile.a in Frameworks */ = {isa = PBXBuildFile; fileRef = 60AAA3BD7E304565B0853FF5 /* libPayPalMobile.a */; };
		D1E0A25742304069864E34D4 /* libc++.dylib in Frameworks */ = {isa = PBXBuildFile; fileRef = 7F034300E37A405A82604EB3 /* libc++.dylib */; };
		E4037825119548F4A17EBE7A /* IonicDeeplinkPlugin.m in Sources */ = {isa = PBXBuildFile; fileRef = 815CF2935B734759AA279210 /* IonicDeeplinkPlugin.m */; };
		EBA488F645564A9BA755EE0A /* OpenGLES.framework in Frameworks */ = {isa = PBXBuildFile; fileRef = B44E8DC9B74D415481B27034 /* OpenGLES.framework */; };
		EC1C6469BAE34FB9B5837753 /* CDVDevice.m in Sources */ = {isa = PBXBuildFile; fileRef = 57077E69E179457A8D962648 /* CDVDevice.m */; };
		EE7FEA8FF5A0485AA2D0731E /* QuartzCore.framework in Frameworks */ = {isa = PBXBuildFile; fileRef = F881D0B4DE6941FAA921C286 /* QuartzCore.framework */; };
/* End PBXBuildFile section */

/* Begin PBXContainerItemProxy section */
		301BF534109A57CC0062928A /* PBXContainerItemProxy */ = {
			isa = PBXContainerItemProxy;
			containerPortal = 301BF52D109A57CC0062928A /* CordovaLib/CordovaLib.xcodeproj */;
			proxyType = 2;
			remoteGlobalIDString = D2AAC07E0554694100DB518D;
			remoteInfo = CordovaLib;
		};
		301BF550109A68C00062928A /* PBXContainerItemProxy */ = {
			isa = PBXContainerItemProxy;
			containerPortal = 301BF52D109A57CC0062928A /* CordovaLib/CordovaLib.xcodeproj */;
			proxyType = 1;
			remoteGlobalIDString = D2AAC07D0554694100DB518D;
			remoteInfo = CordovaLib;
		};
		40703705204430A4002F98D4 /* PBXContainerItemProxy */ = {
			isa = PBXContainerItemProxy;
			containerPortal = 301BF52D109A57CC0062928A /* CordovaLib/CordovaLib.xcodeproj */;
			proxyType = 2;
			remoteGlobalIDString = C0C01EB21E3911D50056E6CB;
			remoteInfo = Cordova;
		};
/* End PBXContainerItemProxy section */

/* Begin PBXFileReference section */
		019E607F2BDE49D795454886 /* AppDelegate+IonicDeeplink.m */ = {isa = PBXFileReference; explicitFileType = undefined; fileEncoding = 4; includeInIndex = 0; lastKnownFileType = sourcecode.c.objc; name = "AppDelegate+IonicDeeplink.m"; path = "ionic-plugin-deeplinks/AppDelegate+IonicDeeplink.m"; sourceTree = "<group>"; };
		01A93C1183094DE8BE5F10EA /* CDVUniqueDeviceID.m */ = {isa = PBXFileReference; explicitFileType = undefined; fileEncoding = 4; includeInIndex = 0; lastKnownFileType = sourcecode.c.objc; name = CDVUniqueDeviceID.m; path = "cordova-plugin-uniquedeviceid/CDVUniqueDeviceID.m"; sourceTree = "<group>"; };
		0207DA571B56EA530066E2B4 /* Images.xcassets */ = {isa = PBXFileReference; lastKnownFileType = folder.assetcatalog; name = Images.xcassets; path = "BPCI Tracker/Images.xcassets"; sourceTree = SOURCE_ROOT; };
		04A2BF0FFD514526883FAC4B /* PayPalPayment.h */ = {isa = PBXFileReference; explicitFileType = undefined; fileEncoding = 4; includeInIndex = 0; lastKnownFileType = sourcecode.c.h; name = PayPalPayment.h; path = com.paypal.cordova.mobilesdk/PayPalPayment.h; sourceTree = "<group>"; };
		05423F361A6F470FA4CBD1AA /* MessageUI.framework */ = {isa = PBXFileReference; explicitFileType = undefined; fileEncoding = 9; includeInIndex = 0; lastKnownFileType = wrapper.framework; name = MessageUI.framework; path = System/Library/Frameworks/MessageUI.framework; sourceTree = SDKROOT; };
		09D45AEEE91C499DA4A57BCF /* UICKeyChainStore.h */ = {isa = PBXFileReference; explicitFileType = undefined; fileEncoding = 4; includeInIndex = 0; lastKnownFileType = sourcecode.c.h; name = UICKeyChainStore.h; path = "cordova-plugin-uniquedeviceid/UICKeyChainStore.h"; sourceTree = "<group>"; };
		0F45BA5173764F35A9930824 /* CardIOView.h */ = {isa = PBXFileReference; explicitFileType = undefined; fileEncoding = 4; includeInIndex = 0; lastKnownFileType = sourcecode.c.h; name = CardIOView.h; path = card.io.cordova.mobilesdk/CardIOView.h; sourceTree = "<group>"; };
		111CD95DCDCD413F9713A67D /* Foundation.framework */ = {isa = PBXFileReference; explicitFileType = undefined; fileEncoding = 9; includeInIndex = 0; lastKnownFileType = wrapper.framework; name = Foundation.framework; path = System/Library/Frameworks/Foundation.framework; sourceTree = SDKROOT; };
		1539ADCC45534CF7988E3305 /* IonicKeyboard.h */ = {isa = PBXFileReference; explicitFileType = undefined; fileEncoding = 4; includeInIndex = 0; lastKnownFileType = sourcecode.c.h; name = IonicKeyboard.h; path = "ionic-plugin-keyboard/IonicKeyboard.h"; sourceTree = "<group>"; };
		17E89AC205064C9BAB8DE3A1 /* CardIOCordovaPlugin.m */ = {isa = PBXFileReference; explicitFileType = undefined; fileEncoding = 4; includeInIndex = 0; lastKnownFileType = sourcecode.c.objc; name = CardIOCordovaPlugin.m; path = card.io.cordova.mobilesdk/CardIOCordovaPlugin.m; sourceTree = "<group>"; };
		1D3623240D0F684500981E51 /* AppDelegate.h */ = {isa = PBXFileReference; fileEncoding = 4; lastKnownFileType = sourcecode.c.h; path = AppDelegate.h; sourceTree = "<group>"; };
		1D3623250D0F684500981E51 /* AppDelegate.m */ = {isa = PBXFileReference; fileEncoding = 4; lastKnownFileType = sourcecode.c.objc; path = AppDelegate.m; sourceTree = "<group>"; };
		1D6058910D05DD3D006BFB54 /* BPCI Tracker.app */ = {isa = PBXFileReference; explicitFileType = wrapper.application; includeInIndex = 0; path = "BPCI Tracker.app"; sourceTree = BUILT_PRODUCTS_DIR; };
		1E9BA982D44E42A2BE760DEC /* CoreLocation.framework */ = {isa = PBXFileReference; explicitFileType = undefined; fileEncoding = 9; includeInIndex = 0; lastKnownFileType = wrapper.framework; name = CoreLocation.framework; path = System/Library/Frameworks/CoreLocation.framework; sourceTree = SDKROOT; };
		29B97316FDCFA39411CA2CEA /* main.m */ = {isa = PBXFileReference; fileEncoding = 4; lastKnownFileType = sourcecode.c.objc; path = main.m; sourceTree = "<group>"; };
		2E3D4E777F74436FA8FF1E32 /* libCardIO.a */ = {isa = PBXFileReference; explicitFileType = undefined; fileEncoding = 9; includeInIndex = 0; lastKnownFileType = archive.ar; name = libCardIO.a; path = "BPCI Tracker/Plugins/card.io.cordova.mobilesdk/libCardIO.a"; sourceTree = "<group>"; };
		301BF52D109A57CC0062928A /* CordovaLib/CordovaLib.xcodeproj */ = {isa = PBXFileReference; lastKnownFileType = "wrapper.pb-project"; path = CordovaLib/CordovaLib.xcodeproj; sourceTree = "<group>"; };
		301BF56E109A69640062928A /* www */ = {isa = PBXFileReference; lastKnownFileType = folder; path = www; sourceTree = SOURCE_ROOT; };
		302D95EE14D2391D003F00A1 /* MainViewController.h */ = {isa = PBXFileReference; fileEncoding = 4; lastKnownFileType = sourcecode.c.h; path = MainViewController.h; sourceTree = "<group>"; };
		302D95EF14D2391D003F00A1 /* MainViewController.m */ = {isa = PBXFileReference; fileEncoding = 4; lastKnownFileType = sourcecode.c.objc; path = MainViewController.m; sourceTree = "<group>"; };
		302D95F014D2391D003F00A1 /* MainViewController.xib */ = {isa = PBXFileReference; fileEncoding = 4; lastKnownFileType = file.xib; path = MainViewController.xib; sourceTree = "<group>"; };
		3047A50F1AB8059700498E2A /* build-debug.xcconfig */ = {isa = PBXFileReference; fileEncoding = 4; lastKnownFileType = text.xcconfig; name = "build-debug.xcconfig"; path = "cordova/build-debug.xcconfig"; sourceTree = SOURCE_ROOT; };
		3047A5101AB8059700498E2A /* build-release.xcconfig */ = {isa = PBXFileReference; fileEncoding = 4; lastKnownFileType = text.xcconfig; name = "build-release.xcconfig"; path = "cordova/build-release.xcconfig"; sourceTree = SOURCE_ROOT; };
		3047A5111AB8059700498E2A /* build.xcconfig */ = {isa = PBXFileReference; fileEncoding = 4; lastKnownFileType = text.xcconfig; name = build.xcconfig; path = cordova/build.xcconfig; sourceTree = SOURCE_ROOT; };
		32CA4F630368D1EE00C91783 /* BPCI Tracker-Prefix.pch */ = {isa = PBXFileReference; fileEncoding = 4; lastKnownFileType = sourcecode.c.h; path = "BPCI Tracker-Prefix.pch"; sourceTree = "<group>"; };
		3C48089CFA2B40D2A7C423EA /* SQLitePlugin.h */ = {isa = PBXFileReference; explicitFileType = undefined; fileEncoding = 4; includeInIndex = 0; lastKnownFileType = sourcecode.c.h; name = SQLitePlugin.h; path = "cordova-sqlite-storage/SQLitePlugin.h"; sourceTree = "<group>"; };
		3E9BC77C4C1048FD93D2AD93 /* CardIOUtilities.h */ = {isa = PBXFileReference; explicitFileType = undefined; fileEncoding = 4; includeInIndex = 0; lastKnownFileType = sourcecode.c.h; name = CardIOUtilities.h; path = card.io.cordova.mobilesdk/CardIOUtilities.h; sourceTree = "<group>"; };
		40703707204430AD002F98D4 /* GameKit.framework */ = {isa = PBXFileReference; lastKnownFileType = wrapper.framework; name = GameKit.framework; path = System/Library/Frameworks/GameKit.framework; sourceTree = SDKROOT; };
		40703709204430F6002F98D4 /* StoreKit.framework */ = {isa = PBXFileReference; lastKnownFileType = wrapper.framework; name = StoreKit.framework; path = System/Library/Frameworks/StoreKit.framework; sourceTree = SDKROOT; };
		46D6887BDA874A23AF50B3C8 /* CDVViewController+SplashScreen.m */ = {isa = PBXFileReference; explicitFileType = undefined; fileEncoding = 4; includeInIndex = 0; lastKnownFileType = sourcecode.c.objc; name = "CDVViewController+SplashScreen.m"; path = "cordova-plugin-splashscreen/CDVViewController+SplashScreen.m"; sourceTree = "<group>"; };
		487C65F7512C41FD821A48C8 /* BPCI Tracker.entitlements */ = {isa = PBXFileReference; explicitFileType = undefined; fileEncoding = 9; includeInIndex = 0; lastKnownFileType = unknown; path = "BPCI Tracker.entitlements"; sourceTree = "<group>"; };
		4C5964E857A14199BC40CDDF /* CDVUniqueDeviceID.h */ = {isa = PBXFileReference; explicitFileType = undefined; fileEncoding = 4; includeInIndex = 0; lastKnownFileType = sourcecode.c.h; name = CDVUniqueDeviceID.h; path = "cordova-plugin-uniquedeviceid/CDVUniqueDeviceID.h"; sourceTree = "<group>"; };
		4D9CE7D2823F416CA9887B45 /* PayPalMobileCordovaPlugin.m */ = {isa = PBXFileReference; explicitFileType = undefined; fileEncoding = 4; includeInIndex = 0; lastKnownFileType = sourcecode.c.objc; name = PayPalMobileCordovaPlugin.m; path = com.paypal.cordova.mobilesdk/PayPalMobileCordovaPlugin.m; sourceTree = "<group>"; };
		4DC75DE1F72544F3ABD96444 /* sqlite3.c */ = {isa = PBXFileReference; explicitFileType = undefined; fileEncoding = 9; includeInIndex = 0; lastKnownFileType = unknown; name = sqlite3.c; path = "cordova-sqlite-storage/sqlite3.c"; sourceTree = "<group>"; };
		50DE693890114F1C98F2725A /* CDVSplashScreen.m */ = {isa = PBXFileReference; explicitFileType = undefined; fileEncoding = 4; includeInIndex = 0; lastKnownFileType = sourcecode.c.objc; name = CDVSplashScreen.m; path = "cordova-plugin-splashscreen/CDVSplashScreen.m"; sourceTree = "<group>"; };
		51F686CE2EDD47DB8A326CAD /* PayPalPaymentViewController.h */ = {isa = PBXFileReference; explicitFileType = undefined; fileEncoding = 4; includeInIndex = 0; lastKnownFileType = sourcecode.c.h; name = PayPalPaymentViewController.h; path = com.paypal.cordova.mobilesdk/PayPalPaymentViewController.h; sourceTree = "<group>"; };
		57077E69E179457A8D962648 /* CDVDevice.m */ = {isa = PBXFileReference; explicitFileType = undefined; fileEncoding = 4; includeInIndex = 0; lastKnownFileType = sourcecode.c.objc; name = CDVDevice.m; path = "cordova-plugin-device/CDVDevice.m"; sourceTree = "<group>"; };
		5952D533ACCF4C16B891EE30 /* CardIOPaymentViewController.h */ = {isa = PBXFileReference; explicitFileType = undefined; fileEncoding = 4; includeInIndex = 0; lastKnownFileType = sourcecode.c.h; name = CardIOPaymentViewController.h; path = card.io.cordova.mobilesdk/CardIOPaymentViewController.h; sourceTree = "<group>"; };
		5F9E264A1F284E4AB3EA190F /* libopencv_imgproc.a */ = {isa = PBXFileReference; explicitFileType = undefined; fileEncoding = 9; includeInIndex = 0; lastKnownFileType = archive.ar; name = libopencv_imgproc.a; path = "BPCI Tracker/Plugins/card.io.cordova.mobilesdk/libopencv_imgproc.a"; sourceTree = "<group>"; };
		5FC623C8049946EE88579253 /* CoreMedia.framework */ = {isa = PBXFileReference; explicitFileType = undefined; fileEncoding = 9; includeInIndex = 0; lastKnownFileType = wrapper.framework; name = CoreMedia.framework; path = System/Library/Frameworks/CoreMedia.framework; sourceTree = SDKROOT; };
		60AAA3BD7E304565B0853FF5 /* libPayPalMobile.a */ = {isa = PBXFileReference; explicitFileType = undefined; fileEncoding = 9; includeInIndex = 0; lastKnownFileType = archive.ar; name = libPayPalMobile.a; path = "BPCI Tracker/Plugins/com.paypal.cordova.mobilesdk/libPayPalMobile.a"; sourceTree = "<group>"; };
		6AFF5BF81D6E424B00AB3073 /* CDVLaunchScreen.storyboard */ = {isa = PBXFileReference; fileEncoding = 4; lastKnownFileType = file.storyboard; name = CDVLaunchScreen.storyboard; path = "BPCI Tracker/CDVLaunchScreen.storyboard"; sourceTree = SOURCE_ROOT; };
		6E5BEA57DF2C4BD49CA8E8A0 /* CDVSplashScreen.h */ = {isa = PBXFileReference; explicitFileType = undefined; fileEncoding = 4; includeInIndex = 0; lastKnownFileType = sourcecode.c.h; name = CDVSplashScreen.h; path = "cordova-plugin-splashscreen/CDVSplashScreen.h"; sourceTree = "<group>"; };
		7021A1FA9594448FAF8F6225 /* PayPalOAuthScopes.h */ = {isa = PBXFileReference; explicitFileType = undefined; fileEncoding = 4; includeInIndex = 0; lastKnownFileType = sourcecode.c.h; name = PayPalOAuthScopes.h; path = com.paypal.cordova.mobilesdk/PayPalOAuthScopes.h; sourceTree = "<group>"; };
		719806549C714F2AA730DA4A /* Accelerate.framework */ = {isa = PBXFileReference; explicitFileType = undefined; fileEncoding = 9; includeInIndex = 0; lastKnownFileType = wrapper.framework; name = Accelerate.framework; path = System/Library/Frameworks/Accelerate.framework; sourceTree = SDKROOT; };
		7A9102F219E04596B0AF9C1A /* PayPalProfileSharingViewController.h */ = {isa = PBXFileReference; explicitFileType = undefined; fileEncoding = 4; includeInIndex = 0; lastKnownFileType = sourcecode.c.h; name = PayPalProfileSharingViewController.h; path = com.paypal.cordova.mobilesdk/PayPalProfileSharingViewController.h; sourceTree = "<group>"; };
		7F034300E37A405A82604EB3 /* libc++.dylib */ = {isa = PBXFileReference; explicitFileType = undefined; fileEncoding = 9; includeInIndex = 0; lastKnownFileType = "compiled.mach-o.dylib"; name = "libc++.dylib"; path = "usr/lib/libc++.dylib"; sourceTree = SDKROOT; };
		803A62239163425195593A6E /* CardIOCordovaPlugin.h */ = {isa = PBXFileReference; explicitFileType = undefined; fileEncoding = 4; includeInIndex = 0; lastKnownFileType = sourcecode.c.h; name = CardIOCordovaPlugin.h; path = card.io.cordova.mobilesdk/CardIOCordovaPlugin.h; sourceTree = "<group>"; };
		815CF2935B734759AA279210 /* IonicDeeplinkPlugin.m */ = {isa = PBXFileReference; explicitFileType = undefined; fileEncoding = 4; includeInIndex = 0; lastKnownFileType = sourcecode.c.objc; name = IonicDeeplinkPlugin.m; path = "ionic-plugin-deeplinks/IonicDeeplinkPlugin.m"; sourceTree = "<group>"; };
		8D1107310486CEB800E47090 /* BPCI Tracker-Info.plist */ = {isa = PBXFileReference; fileEncoding = 4; lastKnownFileType = text.plist.xml; name = "BPCI Tracker-Info.plist"; path = "BPCI Tracker/BPCI Tracker-Info.plist"; plistStructureDefinitionIdentifier = "com.apple.xcode.plist.structure-definition.iphone.info-plist"; sourceTree = SOURCE_ROOT; };
		8F06560882934A50B59A07E2 /* UIKit.framework */ = {isa = PBXFileReference; explicitFileType = undefined; fileEncoding = 9; includeInIndex = 0; lastKnownFileType = wrapper.framework; name = UIKit.framework; path = System/Library/Frameworks/UIKit.framework; sourceTree = SDKROOT; };
		90D8D8E12C184A25ACD139A9 /* IonicKeyboard.m */ = {isa = PBXFileReference; explicitFileType = undefined; fileEncoding = 4; includeInIndex = 0; lastKnownFileType = sourcecode.c.objc; name = IonicKeyboard.m; path = "ionic-plugin-keyboard/IonicKeyboard.m"; sourceTree = "<group>"; };
		915044B590B549AE99AF3292 /* CDVStatusBar.h */ = {isa = PBXFileReference; explicitFileType = undefined; fileEncoding = 4; includeInIndex = 0; lastKnownFileType = sourcecode.c.h; name = CDVStatusBar.h; path = "cordova-plugin-statusbar/CDVStatusBar.h"; sourceTree = "<group>"; };
		939673FD72A54C0EA3CDDA7E /* CardIODetectionMode.h */ = {isa = PBXFileReference; explicitFileType = undefined; fileEncoding = 4; includeInIndex = 0; lastKnownFileType = sourcecode.c.h; name = CardIODetectionMode.h; path = card.io.cordova.mobilesdk/CardIODetectionMode.h; sourceTree = "<group>"; };
		97D61860CB4E4BD5BCA66FE3 /* CDVViewController+SplashScreen.h */ = {isa = PBXFileReference; explicitFileType = undefined; fileEncoding = 4; includeInIndex = 0; lastKnownFileType = sourcecode.c.h; name = "CDVViewController+SplashScreen.h"; path = "cordova-plugin-splashscreen/CDVViewController+SplashScreen.h"; sourceTree = "<group>"; };
		9B87DD5589DB44D6AE077D8C /* AVFoundation.framework */ = {isa = PBXFileReference; explicitFileType = undefined; fileEncoding = 9; includeInIndex = 0; lastKnownFileType = wrapper.framework; name = AVFoundation.framework; path = System/Library/Frameworks/AVFoundation.framework; sourceTree = SDKROOT; };
		9BFC34688CCF4F76BE05716C /* IonicDeeplinkPlugin.h */ = {isa = PBXFileReference; explicitFileType = undefined; fileEncoding = 4; includeInIndex = 0; lastKnownFileType = sourcecode.c.h; name = IonicDeeplinkPlugin.h; path = "ionic-plugin-deeplinks/IonicDeeplinkPlugin.h"; sourceTree = "<group>"; };
		9C12A2139838480E8240064B /* CardIOPaymentViewControllerDelegate.h */ = {isa = PBXFileReference; explicitFileType = undefined; fileEncoding = 4; includeInIndex = 0; lastKnownFileType = sourcecode.c.h; name = CardIOPaymentViewControllerDelegate.h; path = card.io.cordova.mobilesdk/CardIOPaymentViewControllerDelegate.h; sourceTree = "<group>"; };
		9E0BCBE48FED4046959EE568 /* CardIOCreditCardInfo.h */ = {isa = PBXFileReference; explicitFileType = undefined; fileEncoding = 4; includeInIndex = 0; lastKnownFileType = sourcecode.c.h; name = CardIOCreditCardInfo.h; path = card.io.cordova.mobilesdk/CardIOCreditCardInfo.h; sourceTree = "<group>"; };
		A0F5E4EC8FD946919CB9135A /* CFNetwork.framework */ = {isa = PBXFileReference; explicitFileType = undefined; fileEncoding = 9; includeInIndex = 0; lastKnownFileType = wrapper.framework; name = CFNetwork.framework; path = System/Library/Frameworks/CFNetwork.framework; sourceTree = SDKROOT; };
		A2BAFC81265C4C2489AB9BD4 /* sqlite3.h */ = {isa = PBXFileReference; explicitFileType = undefined; fileEncoding = 4; includeInIndex = 0; lastKnownFileType = sourcecode.c.h; name = sqlite3.h; path = "cordova-sqlite-storage/sqlite3.h"; sourceTree = "<group>"; };
		A3B6872078CC4AFDAA1B93B9 /* CDVStatusBar.m */ = {isa = PBXFileReference; explicitFileType = undefined; fileEncoding = 4; includeInIndex = 0; lastKnownFileType = sourcecode.c.objc; name = CDVStatusBar.m; path = "cordova-plugin-statusbar/CDVStatusBar.m"; sourceTree = "<group>"; };
		A9E78CC337CE46B8BE9B3F1E /* CardIO.h */ = {isa = PBXFileReference; explicitFileType = undefined; fileEncoding = 4; includeInIndex = 0; lastKnownFileType = sourcecode.c.h; name = CardIO.h; path = card.io.cordova.mobilesdk/CardIO.h; sourceTree = "<group>"; };
		B44E8DC9B74D415481B27034 /* OpenGLES.framework */ = {isa = PBXFileReference; explicitFileType = undefined; fileEncoding = 9; includeInIndex = 0; lastKnownFileType = wrapper.framework; name = OpenGLES.framework; path = System/Library/Frameworks/OpenGLES.framework; sourceTree = SDKROOT; };
		B79B680BD807456482AD95E7 /* SystemConfiguration.framework */ = {isa = PBXFileReference; explicitFileType = undefined; fileEncoding = 9; includeInIndex = 0; lastKnownFileType = wrapper.framework; name = SystemConfiguration.framework; path = System/Library/Frameworks/SystemConfiguration.framework; sourceTree = SDKROOT; };
		BBFA6C8BC12B44A1ADF34759 /* libopencv_core.a */ = {isa = PBXFileReference; explicitFileType = undefined; fileEncoding = 9; includeInIndex = 0; lastKnownFileType = archive.ar; name = libopencv_core.a; path = "BPCI Tracker/Plugins/card.io.cordova.mobilesdk/libopencv_core.a"; sourceTree = "<group>"; };
		C4135121B9ED47658E2FD12D /* PayPalFuturePaymentViewController.h */ = {isa = PBXFileReference; explicitFileType = undefined; fileEncoding = 4; includeInIndex = 0; lastKnownFileType = sourcecode.c.h; name = PayPalFuturePaymentViewController.h; path = com.paypal.cordova.mobilesdk/PayPalFuturePaymentViewController.h; sourceTree = "<group>"; };
		C9A341C8B69040FAB47B44AD /* CoreVideo.framework */ = {isa = PBXFileReference; explicitFileType = undefined; fileEncoding = 9; includeInIndex = 0; lastKnownFileType = wrapper.framework; name = CoreVideo.framework; path = System/Library/Frameworks/CoreVideo.framework; sourceTree = SDKROOT; };
		D202777FB8D0432E98EE3021 /* SQLitePlugin.m */ = {isa = PBXFileReference; explicitFileType = undefined; fileEncoding = 4; includeInIndex = 0; lastKnownFileType = sourcecode.c.objc; name = SQLitePlugin.m; path = "cordova-sqlite-storage/SQLitePlugin.m"; sourceTree = "<group>"; };
		D2FA7F8AF4994C6588BC3689 /* libPayPalMobile.a */ = {isa = PBXFileReference; explicitFileType = undefined; fileEncoding = 9; includeInIndex = 0; lastKnownFileType = archive.ar; path = libPayPalMobile.a; sourceTree = "<group>"; };
		D66EF50EF10A4B99A5432E5A /* AudioToolbox.framework */ = {isa = PBXFileReference; explicitFileType = undefined; fileEncoding = 9; includeInIndex = 0; lastKnownFileType = wrapper.framework; name = AudioToolbox.framework; path = System/Library/Frameworks/AudioToolbox.framework; sourceTree = SDKROOT; };
		DAF0D131506F494A9AE88479 /* CDVDevice.h */ = {isa = PBXFileReference; explicitFileType = undefined; fileEncoding = 4; includeInIndex = 0; lastKnownFileType = sourcecode.c.h; name = CDVDevice.h; path = "cordova-plugin-device/CDVDevice.h"; sourceTree = "<group>"; };
		E20BF160F13340FD80F1A79B /* Security.framework */ = {isa = PBXFileReference; explicitFileType = undefined; fileEncoding = 9; includeInIndex = 0; lastKnownFileType = wrapper.framework; name = Security.framework; path = System/Library/Frameworks/Security.framework; sourceTree = SDKROOT; };
		E3ED3814CFE04B0999C01F5C /* PayPalConfiguration.h */ = {isa = PBXFileReference; explicitFileType = undefined; fileEncoding = 4; includeInIndex = 0; lastKnownFileType = sourcecode.c.h; name = PayPalConfiguration.h; path = com.paypal.cordova.mobilesdk/PayPalConfiguration.h; sourceTree = "<group>"; };
		EA084D1226D640BA81B6324D /* PayPalMobile.h */ = {isa = PBXFileReference; explicitFileType = undefined; fileEncoding = 4; includeInIndex = 0; lastKnownFileType = sourcecode.c.h; name = PayPalMobile.h; path = com.paypal.cordova.mobilesdk/PayPalMobile.h; sourceTree = "<group>"; };
		EB87FDF31871DA8E0020F90C /* www */ = {isa = PBXFileReference; lastKnownFileType = folder; name = www; path = ../../www; sourceTree = "<group>"; };
		EB87FDF41871DAF40020F90C /* config.xml */ = {isa = PBXFileReference; lastKnownFileType = text.xml; name = config.xml; path = ../../config.xml; sourceTree = "<group>"; };
		ECA26146B33F4D7EB17AD739 /* CardIOViewDelegate.h */ = {isa = PBXFileReference; explicitFileType = undefined; fileEncoding = 4; includeInIndex = 0; lastKnownFileType = sourcecode.c.h; name = CardIOViewDelegate.h; path = card.io.cordova.mobilesdk/CardIOViewDelegate.h; sourceTree = "<group>"; };
		ED33DF2A687741AEAF9F8254 /* Bridging-Header.h */ = {isa = PBXFileReference; fileEncoding = 4; lastKnownFileType = sourcecode.c.h; path = "Bridging-Header.h"; sourceTree = "<group>"; };
		F2ABA8F14FD34982B168F694 /* SafariServices.framework */ = {isa = PBXFileReference; explicitFileType = undefined; fileEncoding = 9; includeInIndex = 0; lastKnownFileType = wrapper.framework; name = SafariServices.framework; path = System/Library/Frameworks/SafariServices.framework; sourceTree = SDKROOT; };
		F840E1F0165FE0F500CFE078 /* config.xml */ = {isa = PBXFileReference; lastKnownFileType = text.xml; name = config.xml; path = "BPCI Tracker/config.xml"; sourceTree = "<group>"; };
		F881D0B4DE6941FAA921C286 /* QuartzCore.framework */ = {isa = PBXFileReference; explicitFileType = undefined; fileEncoding = 9; includeInIndex = 0; lastKnownFileType = wrapper.framework; name = QuartzCore.framework; path = System/Library/Frameworks/QuartzCore.framework; sourceTree = SDKROOT; };
		FB60CA15888646CDB4853D50 /* UICKeyChainStore.m */ = {isa = PBXFileReference; explicitFileType = undefined; fileEncoding = 4; includeInIndex = 0; lastKnownFileType = sourcecode.c.objc; name = UICKeyChainStore.m; path = "cordova-plugin-uniquedeviceid/UICKeyChainStore.m"; sourceTree = "<group>"; };
		FC5EB8FFCF0240D4960C796A /* PayPalMobileCordovaPlugin.h */ = {isa = PBXFileReference; explicitFileType = undefined; fileEncoding = 4; includeInIndex = 0; lastKnownFileType = sourcecode.c.h; name = PayPalMobileCordovaPlugin.h; path = com.paypal.cordova.mobilesdk/PayPalMobileCordovaPlugin.h; sourceTree = "<group>"; };
/* End PBXFileReference section */

/* Begin PBXFrameworksBuildPhase section */
		1D60588F0D05DD3D006BFB54 /* Frameworks */ = {
			isa = PBXFrameworksBuildPhase;
			buildActionMask = 2147483647;
			files = (
				301BF552109A68D80062928A /* libCordova.a in Frameworks */,
				684326D094CE4FF5AC1A0196 /* libCardIO.a in Frameworks */,
				6EDF00B87FBC4C4294698F3C /* libopencv_core.a in Frameworks */,
				4070370A204430F6002F98D4 /* StoreKit.framework in Frameworks */,
				C1E1613A02024AE49445CF12 /* libopencv_imgproc.a in Frameworks */,
				6546D03D0C904CD09115F4E1 /* Accelerate.framework in Frameworks */,
				3D3D588C9480450784C8B792 /* AudioToolbox.framework in Frameworks */,
				BD1F59020F4A45E196480C3C /* AVFoundation.framework in Frameworks */,
				55DD84504D0C4D8EA05FA39A /* CoreMedia.framework in Frameworks */,
				42B92D072A8E4A829BAFB23F /* CoreVideo.framework in Frameworks */,
				11F7C601147941A698457A9E /* Foundation.framework in Frameworks */,
				EBA488F645564A9BA755EE0A /* OpenGLES.framework in Frameworks */,
				EE7FEA8FF5A0485AA2D0731E /* QuartzCore.framework in Frameworks */,
				692511C1B05C4FC5953130CA /* Security.framework in Frameworks */,
				BC4BE1C6D8DF4D5491FE6FFD /* UIKit.framework in Frameworks */,
				D1E0A25742304069864E34D4 /* libc++.dylib in Frameworks */,
				C51E925D8FD540F7A4E865AF /* libPayPalMobile.a in Frameworks */,
				C4DE4E83B9E94FDFBC39D54F /* CFNetwork.framework in Frameworks */,
				40703708204430AD002F98D4 /* GameKit.framework in Frameworks */,
				071E4E3768514321BF7A4B36 /* CoreLocation.framework in Frameworks */,
				52A80B99E84143EE8392C11A /* MessageUI.framework in Frameworks */,
				41AFC338FB7E401FAFDBDBDA /* SafariServices.framework in Frameworks */,
				93E1B2E45E594C65AF4F8496 /* SystemConfiguration.framework in Frameworks */,
				571BCB499E944B18BD765024 /* libPayPalMobile.a in Frameworks */,
			);
			runOnlyForDeploymentPostprocessing = 0;
		};
/* End PBXFrameworksBuildPhase section */

/* Begin PBXGroup section */
		080E96DDFE201D6D7F000001 /* Classes */ = {
			isa = PBXGroup;
			children = (
				302D95EE14D2391D003F00A1 /* MainViewController.h */,
				302D95EF14D2391D003F00A1 /* MainViewController.m */,
				302D95F014D2391D003F00A1 /* MainViewController.xib */,
				1D3623240D0F684500981E51 /* AppDelegate.h */,
				1D3623250D0F684500981E51 /* AppDelegate.m */,
			);
			name = Classes;
			path = "BPCI Tracker/Classes";
			sourceTree = SOURCE_ROOT;
		};
		19C28FACFE9D520D11CA2CBB /* Products */ = {
			isa = PBXGroup;
			children = (
				1D6058910D05DD3D006BFB54 /* BPCI Tracker.app */,
			);
			name = Products;
			sourceTree = "<group>";
		};
		29B97314FDCFA39411CA2CEA /* CustomTemplate */ = {
			isa = PBXGroup;
			children = (
				EB87FDF41871DAF40020F90C /* config.xml */,
				EB87FDF31871DA8E0020F90C /* www */,
				EB87FDF11871DA420020F90C /* Staging */,
				301BF52D109A57CC0062928A /* CordovaLib/CordovaLib.xcodeproj */,
				080E96DDFE201D6D7F000001 /* Classes */,
				307C750510C5A3420062BCA9 /* Plugins */,
				29B97315FDCFA39411CA2CEA /* Other Sources */,
				29B97317FDCFA39411CA2CEA /* Resources */,
				29B97323FDCFA39411CA2CEA /* Frameworks */,
				19C28FACFE9D520D11CA2CBB /* Products */,
			);
			name = CustomTemplate;
			sourceTree = "<group>";
		};
		29B97315FDCFA39411CA2CEA /* Other Sources */ = {
			isa = PBXGroup;
			children = (
				32CA4F630368D1EE00C91783 /* BPCI Tracker-Prefix.pch */,
				29B97316FDCFA39411CA2CEA /* main.m */,
				ED33DF2A687741AEAF9F8254 /* Bridging-Header.h */,
			);
			name = "Other Sources";
			path = "BPCI Tracker";
			sourceTree = "<group>";
		};
		29B97317FDCFA39411CA2CEA /* Resources */ = {
			isa = PBXGroup;
			children = (
				0207DA571B56EA530066E2B4 /* Images.xcassets */,
				3047A50E1AB8057F00498E2A /* config */,
				8D1107310486CEB800E47090 /* BPCI Tracker-Info.plist */,
				6AFF5BF81D6E424B00AB3073 /* CDVLaunchScreen.storyboard */,
				487C65F7512C41FD821A48C8 /* BPCI Tracker.entitlements */,
			);
			name = Resources;
			path = "BPCI Tracker/Resources";
			sourceTree = "<group>";
		};
		29B97323FDCFA39411CA2CEA /* Frameworks */ = {
			isa = PBXGroup;
			children = (
				40703709204430F6002F98D4 /* StoreKit.framework */,
				40703707204430AD002F98D4 /* GameKit.framework */,
				2E3D4E777F74436FA8FF1E32 /* libCardIO.a */,
				BBFA6C8BC12B44A1ADF34759 /* libopencv_core.a */,
				5F9E264A1F284E4AB3EA190F /* libopencv_imgproc.a */,
				719806549C714F2AA730DA4A /* Accelerate.framework */,
				D66EF50EF10A4B99A5432E5A /* AudioToolbox.framework */,
				9B87DD5589DB44D6AE077D8C /* AVFoundation.framework */,
				5FC623C8049946EE88579253 /* CoreMedia.framework */,
				C9A341C8B69040FAB47B44AD /* CoreVideo.framework */,
				111CD95DCDCD413F9713A67D /* Foundation.framework */,
				B44E8DC9B74D415481B27034 /* OpenGLES.framework */,
				F881D0B4DE6941FAA921C286 /* QuartzCore.framework */,
				E20BF160F13340FD80F1A79B /* Security.framework */,
				8F06560882934A50B59A07E2 /* UIKit.framework */,
				7F034300E37A405A82604EB3 /* libc++.dylib */,
				60AAA3BD7E304565B0853FF5 /* libPayPalMobile.a */,
				A0F5E4EC8FD946919CB9135A /* CFNetwork.framework */,
				1E9BA982D44E42A2BE760DEC /* CoreLocation.framework */,
				05423F361A6F470FA4CBD1AA /* MessageUI.framework */,
				F2ABA8F14FD34982B168F694 /* SafariServices.framework */,
				B79B680BD807456482AD95E7 /* SystemConfiguration.framework */,
				D2FA7F8AF4994C6588BC3689 /* libPayPalMobile.a */,
			);
			name = Frameworks;
			sourceTree = "<group>";
		};
		301BF52E109A57CC0062928A /* Products */ = {
			isa = PBXGroup;
			children = (
				301BF535109A57CC0062928A /* libCordova.a */,
				40703706204430A4002F98D4 /* Cordova.framework */,
			);
			name = Products;
			sourceTree = "<group>";
		};
		3047A50E1AB8057F00498E2A /* config */ = {
			isa = PBXGroup;
			children = (
				3047A50F1AB8059700498E2A /* build-debug.xcconfig */,
				3047A5101AB8059700498E2A /* build-release.xcconfig */,
				3047A5111AB8059700498E2A /* build.xcconfig */,
			);
			name = config;
			sourceTree = "<group>";
		};
		307C750510C5A3420062BCA9 /* Plugins */ = {
			isa = PBXGroup;
			children = (
				17E89AC205064C9BAB8DE3A1 /* CardIOCordovaPlugin.m */,
				803A62239163425195593A6E /* CardIOCordovaPlugin.h */,
				A9E78CC337CE46B8BE9B3F1E /* CardIO.h */,
				9E0BCBE48FED4046959EE568 /* CardIOCreditCardInfo.h */,
				939673FD72A54C0EA3CDDA7E /* CardIODetectionMode.h */,
				5952D533ACCF4C16B891EE30 /* CardIOPaymentViewController.h */,
				9C12A2139838480E8240064B /* CardIOPaymentViewControllerDelegate.h */,
				3E9BC77C4C1048FD93D2AD93 /* CardIOUtilities.h */,
				0F45BA5173764F35A9930824 /* CardIOView.h */,
				ECA26146B33F4D7EB17AD739 /* CardIOViewDelegate.h */,
				4D9CE7D2823F416CA9887B45 /* PayPalMobileCordovaPlugin.m */,
				FC5EB8FFCF0240D4960C796A /* PayPalMobileCordovaPlugin.h */,
				E3ED3814CFE04B0999C01F5C /* PayPalConfiguration.h */,
				C4135121B9ED47658E2FD12D /* PayPalFuturePaymentViewController.h */,
				EA084D1226D640BA81B6324D /* PayPalMobile.h */,
				7021A1FA9594448FAF8F6225 /* PayPalOAuthScopes.h */,
				04A2BF0FFD514526883FAC4B /* PayPalPayment.h */,
				51F686CE2EDD47DB8A326CAD /* PayPalPaymentViewController.h */,
				7A9102F219E04596B0AF9C1A /* PayPalProfileSharingViewController.h */,
				57077E69E179457A8D962648 /* CDVDevice.m */,
				DAF0D131506F494A9AE88479 /* CDVDevice.h */,
				50DE693890114F1C98F2725A /* CDVSplashScreen.m */,
				46D6887BDA874A23AF50B3C8 /* CDVViewController+SplashScreen.m */,
				6E5BEA57DF2C4BD49CA8E8A0 /* CDVSplashScreen.h */,
				97D61860CB4E4BD5BCA66FE3 /* CDVViewController+SplashScreen.h */,
				A3B6872078CC4AFDAA1B93B9 /* CDVStatusBar.m */,
				915044B590B549AE99AF3292 /* CDVStatusBar.h */,
				FB60CA15888646CDB4853D50 /* UICKeyChainStore.m */,
				01A93C1183094DE8BE5F10EA /* CDVUniqueDeviceID.m */,
				09D45AEEE91C499DA4A57BCF /* UICKeyChainStore.h */,
				4C5964E857A14199BC40CDDF /* CDVUniqueDeviceID.h */,
				D202777FB8D0432E98EE3021 /* SQLitePlugin.m */,
				4DC75DE1F72544F3ABD96444 /* sqlite3.c */,
				3C48089CFA2B40D2A7C423EA /* SQLitePlugin.h */,
				A2BAFC81265C4C2489AB9BD4 /* sqlite3.h */,
				019E607F2BDE49D795454886 /* AppDelegate+IonicDeeplink.m */,
				815CF2935B734759AA279210 /* IonicDeeplinkPlugin.m */,
				9BFC34688CCF4F76BE05716C /* IonicDeeplinkPlugin.h */,
				90D8D8E12C184A25ACD139A9 /* IonicKeyboard.m */,
				1539ADCC45534CF7988E3305 /* IonicKeyboard.h */,
			);
			name = Plugins;
			path = "BPCI Tracker/Plugins";
			sourceTree = SOURCE_ROOT;
		};
		EB87FDF11871DA420020F90C /* Staging */ = {
			isa = PBXGroup;
			children = (
				F840E1F0165FE0F500CFE078 /* config.xml */,
				301BF56E109A69640062928A /* www */,
			);
			name = Staging;
			sourceTree = "<group>";
		};
/* End PBXGroup section */

/* Begin PBXNativeTarget section */
		1D6058900D05DD3D006BFB54 /* BPCI Tracker */ = {
			isa = PBXNativeTarget;
			buildConfigurationList = 1D6058960D05DD3E006BFB54 /* Build configuration list for PBXNativeTarget "BPCI Tracker" */;
			buildPhases = (
				304B58A110DAC018002A0835 /* Copy www directory */,
				1D60588D0D05DD3D006BFB54 /* Resources */,
				1D60588E0D05DD3D006BFB54 /* Sources */,
				1D60588F0D05DD3D006BFB54 /* Frameworks */,
			);
			buildRules = (
			);
			dependencies = (
				301BF551109A68C00062928A /* PBXTargetDependency */,
			);
			name = "BPCI Tracker";
			productName = "BPCI Tracker";
			productReference = 1D6058910D05DD3D006BFB54 /* BPCI Tracker.app */;
			productType = "com.apple.product-type.application";
		};
/* End PBXNativeTarget section */

/* Begin PBXProject section */
		29B97313FDCFA39411CA2CEA /* Project object */ = {
			isa = PBXProject;
			attributes = {
				LastUpgradeCheck = 510;
				TargetAttributes = {
					1D6058900D05DD3D006BFB54 = {
						DevelopmentTeam = XLXP2X9P95;
						ProvisioningStyle = Automatic;
						SystemCapabilities = {
							com.apple.GameCenter = {
								enabled = 1;
							};
							com.apple.InAppPurchase = {
								enabled = 1;
							};
						};
					};
				};
			};
			buildConfigurationList = C01FCF4E08A954540054247B /* Build configuration list for PBXProject "BPCI Tracker" */;
			compatibilityVersion = "Xcode 3.2";
			developmentRegion = English;
			hasScannedForEncodings = 1;
			knownRegions = (
				en,
			);
			mainGroup = 29B97314FDCFA39411CA2CEA /* CustomTemplate */;
			projectDirPath = "";
			projectReferences = (
				{
					ProductGroup = 301BF52E109A57CC0062928A /* Products */;
					ProjectRef = 301BF52D109A57CC0062928A /* CordovaLib/CordovaLib.xcodeproj */;
				},
			);
			projectRoot = "";
			targets = (
				1D6058900D05DD3D006BFB54 /* BPCI Tracker */,
			);
		};
/* End PBXProject section */

/* Begin PBXReferenceProxy section */
		301BF535109A57CC0062928A /* libCordova.a */ = {
			isa = PBXReferenceProxy;
			fileType = archive.ar;
			path = libCordova.a;
			remoteRef = 301BF534109A57CC0062928A /* PBXContainerItemProxy */;
			sourceTree = BUILT_PRODUCTS_DIR;
		};
		40703706204430A4002F98D4 /* Cordova.framework */ = {
			isa = PBXReferenceProxy;
			fileType = wrapper.framework;
			path = Cordova.framework;
			remoteRef = 40703705204430A4002F98D4 /* PBXContainerItemProxy */;
			sourceTree = BUILT_PRODUCTS_DIR;
		};
/* End PBXReferenceProxy section */

/* Begin PBXResourcesBuildPhase section */
		1D60588D0D05DD3D006BFB54 /* Resources */ = {
			isa = PBXResourcesBuildPhase;
			buildActionMask = 2147483647;
			files = (
				302D95F214D2391D003F00A1 /* MainViewController.xib in Resources */,
				0207DA581B56EA530066E2B4 /* Images.xcassets in Resources */,
				6AFF5BF91D6E424B00AB3073 /* CDVLaunchScreen.storyboard in Resources */,
				4919A817064B47948EA6FB9D /* BPCI Tracker.entitlements in Resources */,
			);
			runOnlyForDeploymentPostprocessing = 0;
		};
/* End PBXResourcesBuildPhase section */

/* Begin PBXShellScriptBuildPhase section */
		304B58A110DAC018002A0835 /* Copy www directory */ = {
			isa = PBXShellScriptBuildPhase;
			buildActionMask = 2147483647;
			files = (
			);
			inputPaths = (
			);
			name = "Copy www directory";
			outputPaths = (
			);
			runOnlyForDeploymentPostprocessing = 0;
			shellPath = /bin/sh;
			shellScript = "NODEJS_PATH=/usr/local/bin; NVM_NODE_PATH=~/.nvm/versions/node/`nvm version 2>/dev/null`/bin; N_NODE_PATH=`find /usr/local/n/versions/node/* -maxdepth 0 -type d 2>/dev/null | tail -1`/bin; XCODE_NODE_PATH=`xcode-select --print-path`/usr/share/xcs/Node/bin; PATH=$NODEJS_PATH:$NVM_NODE_PATH:$N_NODE_PATH:$XCODE_NODE_PATH:$PATH && node cordova/lib/copy-www-build-step.js";
			showEnvVarsInLog = 0;
		};
/* End PBXShellScriptBuildPhase section */

/* Begin PBXSourcesBuildPhase section */
		1D60588E0D05DD3D006BFB54 /* Sources */ = {
			isa = PBXSourcesBuildPhase;
			buildActionMask = 2147483647;
			files = (
				1D60589B0D05DD56006BFB54 /* main.m in Sources */,
				1D3623260D0F684500981E51 /* AppDelegate.m in Sources */,
				302D95F114D2391D003F00A1 /* MainViewController.m in Sources */,
				449C5D1C88D440F7BCF8463E /* CardIOCordovaPlugin.m in Sources */,
				2655FE9E2AFB4CFF869A7B0F /* PayPalMobileCordovaPlugin.m in Sources */,
				EC1C6469BAE34FB9B5837753 /* CDVDevice.m in Sources */,
				952C1317531C463AA3B27F16 /* CDVSplashScreen.m in Sources */,
				2B705F9735804CF3A06EF586 /* CDVViewController+SplashScreen.m in Sources */,
				92A9AA6B565040F899F9A5D7 /* CDVStatusBar.m in Sources */,
				9804B234DA1C45068D3B745E /* UICKeyChainStore.m in Sources */,
				8F06273D901C4C02A6DB441F /* CDVUniqueDeviceID.m in Sources */,
				7F8D6D3ECB9E405397BF0EDF /* SQLitePlugin.m in Sources */,
				12D2883A1FD64312B9E86614 /* sqlite3.c in Sources */,
				54021A047EBD421BAA57E9AF /* AppDelegate+IonicDeeplink.m in Sources */,
				E4037825119548F4A17EBE7A /* IonicDeeplinkPlugin.m in Sources */,
				7768AA30E2CE4B41871DF0EC /* IonicKeyboard.m in Sources */,
			);
			runOnlyForDeploymentPostprocessing = 0;
		};
/* End PBXSourcesBuildPhase section */

/* Begin PBXTargetDependency section */
		301BF551109A68C00062928A /* PBXTargetDependency */ = {
			isa = PBXTargetDependency;
			name = CordovaLib;
			targetProxy = 301BF550109A68C00062928A /* PBXContainerItemProxy */;
		};
/* End PBXTargetDependency section */

/* Begin XCBuildConfiguration section */
		1D6058940D05DD3E006BFB54 /* Debug */ = {
			isa = XCBuildConfiguration;
			baseConfigurationReference = 3047A50F1AB8059700498E2A /* build-debug.xcconfig */;
			buildSettings = {
				ALWAYS_SEARCH_USER_PATHS = NO;
				ASSETCATALOG_COMPILER_APPICON_NAME = AppIcon;
				ASSETCATALOG_COMPILER_LAUNCHIMAGE_NAME = LaunchImage;
				CLANG_ENABLE_MODULES = YES;
				CLANG_ENABLE_OBJC_ARC = YES;
				CODE_SIGN_ENTITLEMENTS = "BPCI Tracker/Resources/BPCI Tracker.entitlements";
				"CODE_SIGN_IDENTITY[sdk=iphoneos*]" = "iPhone Developer";
				COPY_PHASE_STRIP = NO;
				DEVELOPMENT_TEAM = XLXP2X9P95;
				GCC_DYNAMIC_NO_PIC = NO;
				GCC_OPTIMIZATION_LEVEL = 0;
				GCC_PRECOMPILE_PREFIX_HEADER = YES;
				GCC_PREFIX_HEADER = "BPCI Tracker/BPCI Tracker-Prefix.pch";
				GCC_THUMB_SUPPORT = NO;
				GCC_VERSION = "";
				INFOPLIST_FILE = "BPCI Tracker/BPCI Tracker-Info.plist";
				IPHONEOS_DEPLOYMENT_TARGET = 9.0;
				LD_RUNPATH_SEARCH_PATHS = "@executable_path/Frameworks";
				LIBRARY_SEARCH_PATHS = (
					"$(inherited)",
					"\"$(SRCROOT)/BPCI Tracker/Plugins/card.io.cordova.mobilesdk\"",
					"\"$(SRCROOT)/BPCI Tracker/Plugins/card.io.cordova.mobilesdk\"",
					"\"$(SRCROOT)/BPCI Tracker/Plugins/card.io.cordova.mobilesdk\"",
					"\"$(SRCROOT)/BPCI Tracker/Plugins/com.paypal.cordova.mobilesdk\"",
				);
				PRODUCT_NAME = "BPCI Tracker";
				PROVISIONING_PROFILE = "";
				PROVISIONING_PROFILE_SPECIFIER = "";
				TARGETED_DEVICE_FAMILY = "1,2";
			};
			name = Debug;
		};
		1D6058950D05DD3E006BFB54 /* Release */ = {
			isa = XCBuildConfiguration;
			baseConfigurationReference = 3047A5101AB8059700498E2A /* build-release.xcconfig */;
			buildSettings = {
				ALWAYS_SEARCH_USER_PATHS = NO;
				ASSETCATALOG_COMPILER_APPICON_NAME = AppIcon;
				ASSETCATALOG_COMPILER_LAUNCHIMAGE_NAME = LaunchImage;
				CLANG_ENABLE_MODULES = YES;
				CLANG_ENABLE_OBJC_ARC = YES;
				CODE_SIGN_ENTITLEMENTS = "BPCI Tracker/Resources/BPCI Tracker.entitlements";
				"CODE_SIGN_IDENTITY[sdk=iphoneos*]" = "iPhone Developer";
				COPY_PHASE_STRIP = YES;
				DEVELOPMENT_TEAM = XLXP2X9P95;
				GCC_PRECOMPILE_PREFIX_HEADER = YES;
				GCC_PREFIX_HEADER = "BPCI Tracker/BPCI Tracker-Prefix.pch";
				GCC_THUMB_SUPPORT = NO;
				GCC_VERSION = "";
				INFOPLIST_FILE = "BPCI Tracker/BPCI Tracker-Info.plist";
				IPHONEOS_DEPLOYMENT_TARGET = 9.0;
				LD_RUNPATH_SEARCH_PATHS = "@executable_path/Frameworks";
				LIBRARY_SEARCH_PATHS = (
					"$(inherited)",
					"\"$(SRCROOT)/BPCI Tracker/Plugins/card.io.cordova.mobilesdk\"",
					"\"$(SRCROOT)/BPCI Tracker/Plugins/card.io.cordova.mobilesdk\"",
					"\"$(SRCROOT)/BPCI Tracker/Plugins/card.io.cordova.mobilesdk\"",
					"\"$(SRCROOT)/BPCI Tracker/Plugins/com.paypal.cordova.mobilesdk\"",
				);
				PRODUCT_NAME = "BPCI Tracker";
				PROVISIONING_PROFILE = "";
				PROVISIONING_PROFILE_SPECIFIER = "";
				TARGETED_DEVICE_FAMILY = "1,2";
			};
			name = Release;
		};
		C01FCF4F08A954540054247B /* Debug */ = {
			isa = XCBuildConfiguration;
			baseConfigurationReference = 3047A5111AB8059700498E2A /* build.xcconfig */;
			buildSettings = {
				ASSETCATALOG_COMPILER_LAUNCHIMAGE_NAME = LaunchImage;
				CLANG_ENABLE_MODULES = YES;
				CLANG_ENABLE_OBJC_ARC = YES;
				CLANG_WARN_BOOL_CONVERSION = YES;
				CLANG_WARN_CONSTANT_CONVERSION = YES;
				CLANG_WARN_EMPTY_BODY = YES;
				CLANG_WARN_ENUM_CONVERSION = YES;
				CLANG_WARN_INT_CONVERSION = YES;
				CLANG_WARN__DUPLICATE_METHOD_MATCH = YES;
				CODE_SIGN_ENTITLEMENTS = "BPCI Tracker/Resources/BPCI Tracker.entitlements";
				GCC_C_LANGUAGE_STANDARD = c99;
				GCC_THUMB_SUPPORT = NO;
				GCC_VERSION = "";
				GCC_WARN_ABOUT_RETURN_TYPE = YES;
				GCC_WARN_UNDECLARED_SELECTOR = YES;
				GCC_WARN_UNINITIALIZED_AUTOS = YES;
				GCC_WARN_UNUSED_FUNCTION = YES;
				GCC_WARN_UNUSED_VARIABLE = YES;
				IPHONEOS_DEPLOYMENT_TARGET = 8.0;
				ONLY_ACTIVE_ARCH = YES;
				SDKROOT = iphoneos;
				SKIP_INSTALL = NO;
			};
			name = Debug;
		};
		C01FCF5008A954540054247B /* Release */ = {
			isa = XCBuildConfiguration;
			baseConfigurationReference = 3047A5111AB8059700498E2A /* build.xcconfig */;
			buildSettings = {
				ASSETCATALOG_COMPILER_LAUNCHIMAGE_NAME = LaunchImage;
				CLANG_ENABLE_MODULES = YES;
				CLANG_ENABLE_OBJC_ARC = YES;
				CLANG_WARN_BOOL_CONVERSION = YES;
				CLANG_WARN_CONSTANT_CONVERSION = YES;
				CLANG_WARN_EMPTY_BODY = YES;
				CLANG_WARN_ENUM_CONVERSION = YES;
				CLANG_WARN_INT_CONVERSION = YES;
				CLANG_WARN__DUPLICATE_METHOD_MATCH = YES;
				CODE_SIGN_ENTITLEMENTS = "BPCI Tracker/Resources/BPCI Tracker.entitlements";
				GCC_C_LANGUAGE_STANDARD = c99;
				GCC_THUMB_SUPPORT = NO;
				GCC_VERSION = "";
				GCC_WARN_ABOUT_RETURN_TYPE = YES;
				GCC_WARN_UNDECLARED_SELECTOR = YES;
				GCC_WARN_UNINITIALIZED_AUTOS = YES;
				GCC_WARN_UNUSED_FUNCTION = YES;
				GCC_WARN_UNUSED_VARIABLE = YES;
				IPHONEOS_DEPLOYMENT_TARGET = 8.0;
				SDKROOT = iphoneos;
				SKIP_INSTALL = NO;
			};
			name = Release;
		};
/* End XCBuildConfiguration section */

/* Begin XCConfigurationList section */
		1D6058960D05DD3E006BFB54 /* Build configuration list for PBXNativeTarget "BPCI Tracker" */ = {
			isa = XCConfigurationList;
			buildConfigurations = (
				1D6058940D05DD3E006BFB54 /* Debug */,
				1D6058950D05DD3E006BFB54 /* Release */,
			);
			defaultConfigurationIsVisible = 0;
			defaultConfigurationName = Release;
		};
		C01FCF4E08A954540054247B /* Build configuration list for PBXProject "BPCI Tracker" */ = {
			isa = XCConfigurationList;
			buildConfigurations = (
				C01FCF4F08A954540054247B /* Debug */,
				C01FCF5008A954540054247B /* Release */,
			);
			defaultConfigurationIsVisible = 0;
			defaultConfigurationName = Release;
		};
/* End XCConfigurationList section */
	};
	rootObject = 29B97313FDCFA39411CA2CEA /* Project object */;
}
